{
  "name": "react-webGame",
  "lockfileVersion": 2,
  "requires": true,
  "packages": {
    "": {
      "devDependencies": {
        "pretier": "^0.0.1",
        "prettier": "2.6.1"
      }
    },
    "node_modules/pretier": {
      "version": "0.0.1",
      "resolved": "https://registry.npmjs.org/pretier/-/pretier-0.0.1.tgz",
      "integrity": "sha512-sx6A34i/SbtIbiNrwwPJ9gpGKXfezVFFsv5/7v+qwu5vcwp6RJftQ60LvRbV4LQngUnJVRyU23AsUG3t+zNHEA==",
      "dev": true
    },
    "node_modules/prettier": {
      "version": "2.6.1",
      "resolved": "https://registry.npmjs.org/prettier/-/prettier-2.6.1.tgz",
      "integrity": "sha512-8UVbTBYGwN37Bs9LERmxCPjdvPxlEowx2urIL6urHzdb3SDq4B/Z6xLFCblrSnE4iKWcS6ziJ3aOYrc1kz/E2A==",
      "dev": true,
      "bin": {
        "prettier": "bin-prettier.js"
      },
      "engines": {
        "node": ">=10.13.0"
      },
      "funding": {
        "url": "https://github.com/prettier/prettier?sponsor=1"
      }
    }
  },
  "dependencies": {
    "pretier": {
      "version": "0.0.1",
      "resolved": "https://registry.npmjs.org/pretier/-/pretier-0.0.1.tgz",
      "integrity": "sha512-sx6A34i/SbtIbiNrwwPJ9gpGKXfezVFFsv5/7v+qwu5vcwp6RJftQ60LvRbV4LQngUnJVRyU23AsUG3t+zNHEA==",
      "dev": true
    },
    "prettier": {
      "version": "2.6.1",
      "resolved": "https://registry.npmjs.org/prettier/-/prettier-2.6.1.tgz",
      "integrity": "sha512-8UVbTBYGwN37Bs9LERmxCPjdvPxlEowx2urIL6urHzdb3SDq4B/Z6xLFCblrSnE4iKWcS6ziJ3aOYrc1kz/E2A==",
      "dev": true
    }
  }
}
